// !$*UTF8*$!
{
	archiveVersion = 1;
	classes = {
	};
	objectVersion = 46;
	objects = {

/* Begin PBXBuildFile section */
		187AECDF1C7D602300069368 /* XQListMenuController.m in Sources */ = {isa = PBXBuildFile; fileRef = 187AECDE1C7D602300069368 /* XQListMenuController.m */; };
		4A74D5A01BF4777F0002DC3B /* images.bundle in Resources */ = {isa = PBXBuildFile; fileRef = 4A74D59F1BF4777F0002DC3B /* images.bundle */; };
		4ADE10E41BF1D7ED00A9C7E2 /* main.m in Sources */ = {isa = PBXBuildFile; fileRef = 4ADE10E31BF1D7ED00A9C7E2 /* main.m */; };
		4ADE10E71BF1D7ED00A9C7E2 /* AppDelegate.m in Sources */ = {isa = PBXBuildFile; fileRef = 4ADE10E61BF1D7ED00A9C7E2 /* AppDelegate.m */; };
		4ADE10ED1BF1D7ED00A9C7E2 /* Main.storyboard in Resources */ = {isa = PBXBuildFile; fileRef = 4ADE10EB1BF1D7ED00A9C7E2 /* Main.storyboard */; };
		4ADE10EF1BF1D7ED00A9C7E2 /* Assets.xcassets in Resources */ = {isa = PBXBuildFile; fileRef = 4ADE10EE1BF1D7ED00A9C7E2 /* Assets.xcassets */; };
		4ADE10F21BF1D7ED00A9C7E2 /* LaunchScreen.storyboard in Resources */ = {isa = PBXBuildFile; fileRef = 4ADE10F01BF1D7ED00A9C7E2 /* LaunchScreen.storyboard */; };
		4ADE10FD1BF1D7EE00A9C7E2 /* _______Tests.m in Sources */ = {isa = PBXBuildFile; fileRef = 4ADE10FC1BF1D7EE00A9C7E2 /* _______Tests.m */; };
		4ADE11081BF1D7EE00A9C7E2 /* _______UITests.m in Sources */ = {isa = PBXBuildFile; fileRef = 4ADE11071BF1D7EE00A9C7E2 /* _______UITests.m */; };
/* End PBXBuildFile section */

/* Begin PBXContainerItemProxy section */
		4ADE10F91BF1D7EE00A9C7E2 /* PBXContainerItemProxy */ = {
			isa = PBXContainerItemProxy;
			containerPortal = 4ADE10D71BF1D7ED00A9C7E2 /* Project object */;
			proxyType = 1;
			remoteGlobalIDString = 4ADE10DE1BF1D7ED00A9C7E2;
			remoteInfo = "分类菜单选择器";
		};
		4ADE11041BF1D7EE00A9C7E2 /* PBXContainerItemProxy */ = {
			isa = PBXContainerItemProxy;
			containerPortal = 4ADE10D71BF1D7ED00A9C7E2 /* Project object */;
			proxyType = 1;
			remoteGlobalIDString = 4ADE10DE1BF1D7ED00A9C7E2;
			remoteInfo = "分类菜单选择器";
		};
/* End PBXContainerItemProxy section */

/* Begin PBXFileReference section */
		187AECDD1C7D602300069368 /* XQListMenuController.h */ = {isa = PBXFileReference; fileEncoding = 4; lastKnownFileType = sourcecode.c.h; path = XQListMenuController.h; sourceTree = "<group>"; };
		187AECDE1C7D602300069368 /* XQListMenuController.m */ = {isa = PBXFileReference; fileEncoding = 4; lastKnownFileType = sourcecode.c.objc; path = XQListMenuController.m; sourceTree = "<group>"; };
		4A74D5911BF468380002DC3B /* XQListMenuConfig.h */ = {isa = PBXFileReference; fileEncoding = 4; lastKnownFileType = sourcecode.c.h; path = XQListMenuConfig.h; sourceTree = "<group>"; };
		4A74D59F1BF4777F0002DC3B /* images.bundle */ = {isa = PBXFileReference; lastKnownFileType = "wrapper.plug-in"; path = images.bundle; sourceTree = "<group>"; };
		4ADE10DF1BF1D7ED00A9C7E2 /* 分类菜单选择器.app */ = {isa = PBXFileReference; explicitFileType = wrapper.application; includeInIndex = 0; path = "分类菜单选择器.app"; sourceTree = BUILT_PRODUCTS_DIR; };
		4ADE10E31BF1D7ED00A9C7E2 /* main.m */ = {isa = PBXFileReference; lastKnownFileType = sourcecode.c.objc; path = main.m; sourceTree = "<group>"; };
		4ADE10E51BF1D7ED00A9C7E2 /* AppDelegate.h */ = {isa = PBXFileReference; lastKnownFileType = sourcecode.c.h; path = AppDelegate.h; sourceTree = "<group>"; };
		4ADE10E61BF1D7ED00A9C7E2 /* AppDelegate.m */ = {isa = PBXFileReference; lastKnownFileType = sourcecode.c.objc; path = AppDelegate.m; sourceTree = "<group>"; };
		4ADE10EC1BF1D7ED00A9C7E2 /* Base */ = {isa = PBXFileReference; lastKnownFileType = file.storyboard; name = Base; path = Base.lproj/Main.storyboard; sourceTree = "<group>"; };
		4ADE10EE1BF1D7ED00A9C7E2 /* Assets.xcassets */ = {isa = PBXFileReference; lastKnownFileType = folder.assetcatalog; path = Assets.xcassets; sourceTree = "<group>"; };
		4ADE10F11BF1D7ED00A9C7E2 /* Base */ = {isa = PBXFileReference; lastKnownFileType = file.storyboard; name = Base; path = Base.lproj/LaunchScreen.storyboard; sourceTree = "<group>"; };
		4ADE10F31BF1D7ED00A9C7E2 /* Info.plist */ = {isa = PBXFileReference; lastKnownFileType = text.plist.xml; path = Info.plist; sourceTree = "<group>"; };
		4ADE10F81BF1D7EE00A9C7E2 /* 分类菜单选择器Tests.xctest */ = {isa = PBXFileReference; explicitFileType = wrapper.cfbundle; includeInIndex = 0; path = "分类菜单选择器Tests.xctest"; sourceTree = BUILT_PRODUCTS_DIR; };
		4ADE10FC1BF1D7EE00A9C7E2 /* _______Tests.m */ = {isa = PBXFileReference; lastKnownFileType = sourcecode.c.objc; path = "_______Tests.m"; sourceTree = "<group>"; };
		4ADE10FE1BF1D7EE00A9C7E2 /* Info.plist */ = {isa = PBXFileReference; lastKnownFileType = text.plist.xml; path = Info.plist; sourceTree = "<group>"; };
		4ADE11031BF1D7EE00A9C7E2 /* 分类菜单选择器UITests.xctest */ = {isa = PBXFileReference; explicitFileType = wrapper.cfbundle; includeInIndex = 0; path = "分类菜单选择器UITests.xctest"; sourceTree = BUILT_PRODUCTS_DIR; };
		4ADE11071BF1D7EE00A9C7E2 /* _______UITests.m */ = {isa = PBXFileReference; lastKnownFileType = sourcecode.c.objc; path = "_______UITests.m"; sourceTree = "<group>"; };
		4ADE11091BF1D7EE00A9C7E2 /* Info.plist */ = {isa = PBXFileReference; lastKnownFileType = text.plist.xml; path = Info.plist; sourceTree = "<group>"; };
/* End PBXFileReference section */

/* Begin PBXFrameworksBuildPhase section */
		4ADE10DC1BF1D7ED00A9C7E2 /* Frameworks */ = {
			isa = PBXFrameworksBuildPhase;
			buildActionMask = 2147483647;
			files = (
			);
			runOnlyForDeploymentPostprocessing = 0;
		};
		4ADE10F51BF1D7EE00A9C7E2 /* Frameworks */ = {
			isa = PBXFrameworksBuildPhase;
			buildActionMask = 2147483647;
			files = (
			);
			runOnlyForDeploymentPostprocessing = 0;
		};
		4ADE11001BF1D7EE00A9C7E2 /* Frameworks */ = {
			isa = PBXFrameworksBuildPhase;
			buildActionMask = 2147483647;
			files = (
			);
			runOnlyForDeploymentPostprocessing = 0;
		};
/* End PBXFrameworksBuildPhase section */

/* Begin PBXGroup section */
		4A74D58E1BF468100002DC3B /* XQListMenu */ = {
			isa = PBXGroup;
			children = (
				4A74D5911BF468380002DC3B /* XQListMenuConfig.h */,
				187AECDD1C7D602300069368 /* XQListMenuController.h */,
				187AECDE1C7D602300069368 /* XQListMenuController.m */,
				4A74D59F1BF4777F0002DC3B /* images.bundle */,
			);
			path = XQListMenu;
			sourceTree = "<group>";
		};
		4ADE10D61BF1D7ED00A9C7E2 = {
			isa = PBXGroup;
			children = (
				4ADE10E11BF1D7ED00A9C7E2 /* 分类菜单选择器 */,
				4ADE10FB1BF1D7EE00A9C7E2 /* 分类菜单选择器Tests */,
				4ADE11061BF1D7EE00A9C7E2 /* 分类菜单选择器UITests */,
				4ADE10E01BF1D7ED00A9C7E2 /* Products */,
			);
			sourceTree = "<group>";
		};
		4ADE10E01BF1D7ED00A9C7E2 /* Products */ = {
			isa = PBXGroup;
			children = (
				4ADE10DF1BF1D7ED00A9C7E2 /* 分类菜单选择器.app */,
				4ADE10F81BF1D7EE00A9C7E2 /* 分类菜单选择器Tests.xctest */,
				4ADE11031BF1D7EE00A9C7E2 /* 分类菜单选择器UITests.xctest */,
			);
			name = Products;
			sourceTree = "<group>";
		};
		4ADE10E11BF1D7ED00A9C7E2 /* 分类菜单选择器 */ = {
			isa = PBXGroup;
			children = (
				4ADE10E51BF1D7ED00A9C7E2 /* AppDelegate.h */,
				4ADE10E61BF1D7ED00A9C7E2 /* AppDelegate.m */,
				4A74D58E1BF468100002DC3B /* XQListMenu */,
				4ADE10EE1BF1D7ED00A9C7E2 /* Assets.xcassets */,
				4ADE10F31BF1D7ED00A9C7E2 /* Info.plist */,
				4ADE10E21BF1D7ED00A9C7E2 /* Supporting Files */,
			);
			path = "分类菜单选择器";
			sourceTree = "<group>";
		};
		4ADE10E21BF1D7ED00A9C7E2 /* Supporting Files */ = {
			isa = PBXGroup;
			children = (
				4ADE10EB1BF1D7ED00A9C7E2 /* Main.storyboard */,
				4ADE10F01BF1D7ED00A9C7E2 /* LaunchScreen.storyboard */,
				4ADE10E31BF1D7ED00A9C7E2 /* main.m */,
			);
			name = "Supporting Files";
			sourceTree = "<group>";
		};
		4ADE10FB1BF1D7EE00A9C7E2 /* 分类菜单选择器Tests */ = {
			isa = PBXGroup;
			children = (
				4ADE10FC1BF1D7EE00A9C7E2 /* _______Tests.m */,
				4ADE10FE1BF1D7EE00A9C7E2 /* Info.plist */,
			);
			path = "分类菜单选择器Tests";
			sourceTree = "<group>";
		};
		4ADE11061BF1D7EE00A9C7E2 /* 分类菜单选择器UITests */ = {
			isa = PBXGroup;
			children = (
				4ADE11071BF1D7EE00A9C7E2 /* _______UITests.m */,
				4ADE11091BF1D7EE00A9C7E2 /* Info.plist */,
			);
			path = "分类菜单选择器UITests";
			sourceTree = "<group>";
		};
/* End PBXGroup section */

/* Begin PBXNativeTarget section */
		4ADE10DE1BF1D7ED00A9C7E2 /* 分类菜单选择器 */ = {
			isa = PBXNativeTarget;
			buildConfigurationList = 4ADE110C1BF1D7EE00A9C7E2 /* Build configuration list for PBXNativeTarget "分类菜单选择器" */;
			buildPhases = (
				4ADE10DB1BF1D7ED00A9C7E2 /* Sources */,
				4ADE10DC1BF1D7ED00A9C7E2 /* Frameworks */,
				4ADE10DD1BF1D7ED00A9C7E2 /* Resources */,
			);
			buildRules = (
			);
			dependencies = (
			);
			name = "分类菜单选择器";
			productName = "分类菜单选择器";
			productReference = 4ADE10DF1BF1D7ED00A9C7E2 /* 分类菜单选择器.app */;
			productType = "com.apple.product-type.application";
		};
		4ADE10F71BF1D7EE00A9C7E2 /* 分类菜单选择器Tests */ = {
			isa = PBXNativeTarget;
			buildConfigurationList = 4ADE110F1BF1D7EE00A9C7E2 /* Build configuration list for PBXNativeTarget "分类菜单选择器Tests" */;
			buildPhases = (
				4ADE10F41BF1D7EE00A9C7E2 /* Sources */,
				4ADE10F51BF1D7EE00A9C7E2 /* Frameworks */,
				4ADE10F61BF1D7EE00A9C7E2 /* Resources */,
			);
			buildRules = (
			);
			dependencies = (
				4ADE10FA1BF1D7EE00A9C7E2 /* PBXTargetDependency */,
			);
			name = "分类菜单选择器Tests";
			productName = "分类菜单选择器Tests";
			productReference = 4ADE10F81BF1D7EE00A9C7E2 /* 分类菜单选择器Tests.xctest */;
			productType = "com.apple.product-type.bundle.unit-test";
		};
		4ADE11021BF1D7EE00A9C7E2 /* 分类菜单选择器UITests */ = {
			isa = PBXNativeTarget;
			buildConfigurationList = 4ADE11121BF1D7EE00A9C7E2 /* Build configuration list for PBXNativeTarget "分类菜单选择器UITests" */;
			buildPhases = (
				4ADE10FF1BF1D7EE00A9C7E2 /* Sources */,
				4ADE11001BF1D7EE00A9C7E2 /* Frameworks */,
				4ADE11011BF1D7EE00A9C7E2 /* Resources */,
			);
			buildRules = (
			);
			dependencies = (
				4ADE11051BF1D7EE00A9C7E2 /* PBXTargetDependency */,
			);
			name = "分类菜单选择器UITests";
			productName = "分类菜单选择器UITests";
			productReference = 4ADE11031BF1D7EE00A9C7E2 /* 分类菜单选择器UITests.xctest */;
			productType = "com.apple.product-type.bundle.ui-testing";
		};
/* End PBXNativeTarget section */

/* Begin PBXProject section */
		4ADE10D71BF1D7ED00A9C7E2 /* Project object */ = {
			isa = PBXProject;
			attributes = {
				LastUpgradeCheck = 0710;
				ORGANIZATIONNAME = xuqiang;
				TargetAttributes = {
					4ADE10DE1BF1D7ED00A9C7E2 = {
						CreatedOnToolsVersion = 7.1;
						DevelopmentTeam = 93ULNFH5X5;
					};
					4ADE10F71BF1D7EE00A9C7E2 = {
						CreatedOnToolsVersion = 7.1;
						TestTargetID = 4ADE10DE1BF1D7ED00A9C7E2;
					};
					4ADE11021BF1D7EE00A9C7E2 = {
						CreatedOnToolsVersion = 7.1;
						TestTargetID = 4ADE10DE1BF1D7ED00A9C7E2;
					};
				};
			};
			buildConfigurationList = 4ADE10DA1BF1D7ED00A9C7E2 /* Build configuration list for PBXProject "分类菜单选择器" */;
			compatibilityVersion = "Xcode 3.2";
			developmentRegion = English;
			hasScannedForEncodings = 0;
			knownRegions = (
				en,
				Base,
			);
			mainGroup = 4ADE10D61BF1D7ED00A9C7E2;
			productRefGroup = 4ADE10E01BF1D7ED00A9C7E2 /* Products */;
			projectDirPath = "";
			projectRoot = "";
			targets = (
				4ADE10DE1BF1D7ED00A9C7E2 /* 分类菜单选择器 */,
				4ADE10F71BF1D7EE00A9C7E2 /* 分类菜单选择器Tests */,
				4ADE11021BF1D7EE00A9C7E2 /* 分类菜单选择器UITests */,
			);
		};
/* End PBXProject section */

/* Begin PBXResourcesBuildPhase section */
		4ADE10DD1BF1D7ED00A9C7E2 /* Resources */ = {
			isa = PBXResourcesBuildPhase;
			buildActionMask = 2147483647;
			files = (
				4ADE10F21BF1D7ED00A9C7E2 /* LaunchScreen.storyboard in Resources */,
				4ADE10EF1BF1D7ED00A9C7E2 /* Assets.xcassets in Resources */,
				4ADE10ED1BF1D7ED00A9C7E2 /* Main.storyboard in Resources */,
				4A74D5A01BF4777F0002DC3B /* images.bundle in Resources */,
			);
			runOnlyForDeploymentPostprocessing = 0;
		};
		4ADE10F61BF1D7EE00A9C7E2 /* Resources */ = {
			isa = PBXResourcesBuildPhase;
			buildActionMask = 2147483647;
			files = (
			);
			runOnlyForDeploymentPostprocessing = 0;
		};
		4ADE11011BF1D7EE00A9C7E2 /* Resources */ = {
			isa = PBXResourcesBuildPhase;
			buildActionMask = 2147483647;
			files = (
			);
			runOnlyForDeploymentPostprocessing = 0;
		};
/* End PBXResourcesBuildPhase section */

/* Begin PBXSourcesBuildPhase section */
		4ADE10DB1BF1D7ED00A9C7E2 /* Sources */ = {
			isa = PBXSourcesBuildPhase;
			buildActionMask = 2147483647;
			files = (
				4ADE10E71BF1D7ED00A9C7E2 /* AppDelegate.m in Sources */,
				187AECDF1C7D602300069368 /* XQListMenuController.m in Sources */,
				4ADE10E41BF1D7ED00A9C7E2 /* main.m in Sources */,
			);
			runOnlyForDeploymentPostprocessing = 0;
		};
		4ADE10F41BF1D7EE00A9C7E2 /* Sources */ = {
			isa = PBXSourcesBuildPhase;
			buildActionMask = 2147483647;
			files = (
				4ADE10FD1BF1D7EE00A9C7E2 /* _______Tests.m in Sources */,
			);
			runOnlyForDeploymentPostprocessing = 0;
		};
		4ADE10FF1BF1D7EE00A9C7E2 /* Sources */ = {
			isa = PBXSourcesBuildPhase;
			buildActionMask = 2147483647;
			files = (
				4ADE11081BF1D7EE00A9C7E2 /* _______UITests.m in Sources */,
			);
			runOnlyForDeploymentPostprocessing = 0;
		};
/* End PBXSourcesBuildPhase section */

/* Begin PBXTargetDependency section */
		4ADE10FA1BF1D7EE00A9C7E2 /* PBXTargetDependency */ = {
			isa = PBXTargetDependency;
			target = 4ADE10DE1BF1D7ED00A9C7E2 /* 分类菜单选择器 */;
			targetProxy = 4ADE10F91BF1D7EE00A9C7E2 /* PBXContainerItemProxy */;
		};
		4ADE11051BF1D7EE00A9C7E2 /* PBXTargetDependency */ = {
			isa = PBXTargetDependency;
			target = 4ADE10DE1BF1D7ED00A9C7E2 /* 分类菜单选择器 */;
			targetProxy = 4ADE11041BF1D7EE00A9C7E2 /* PBXContainerItemProxy */;
		};
/* End PBXTargetDependency section */

/* Begin PBXVariantGroup section */
		4ADE10EB1BF1D7ED00A9C7E2 /* Main.storyboard */ = {
			isa = PBXVariantGroup;
			children = (
				4ADE10EC1BF1D7ED00A9C7E2 /* Base */,
			);
			name = Main.storyboard;
			sourceTree = "<group>";
		};
		4ADE10F01BF1D7ED00A9C7E2 /* LaunchScreen.storyboard */ = {
			isa = PBXVariantGroup;
			children = (
				4ADE10F11BF1D7ED00A9C7E2 /* Base */,
			);
			name = LaunchScreen.storyboard;
			sourceTree = "<group>";
		};
/* End PBXVariantGroup section */

/* Begin XCBuildConfiguration section */
		4ADE110A1BF1D7EE00A9C7E2 /* Debug */ = {
			isa = XCBuildConfiguration;
			buildSettings = {
				ALWAYS_SEARCH_USER_PATHS = NO;
				CLANG_CXX_LANGUAGE_STANDARD = "gnu++0x";
				CLANG_CXX_LIBRARY = "libc++";
				CLANG_ENABLE_MODULES = YES;
				CLANG_ENABLE_OBJC_ARC = YES;
				CLANG_WARN_BOOL_CONVERSION = YES;
				CLANG_WARN_CONSTANT_CONVERSION = YES;
				CLANG_WARN_DIRECT_OBJC_ISA_USAGE = YES_ERROR;
				CLANG_WARN_EMPTY_BODY = YES;
				CLANG_WARN_ENUM_CONVERSION = YES;
				CLANG_WARN_INT_CONVERSION = YES;
				CLANG_WARN_OBJC_ROOT_CLASS = YES_ERROR;
				CLANG_WARN_UNREACHABLE_CODE = YES;
				CLANG_WARN__DUPLICATE_METHOD_MATCH = YES;
				"CODE_SIGN_IDENTITY[sdk=iphoneos*]" = "iPhone Developer";
				COPY_PHASE_STRIP = NO;
				DEBUG_INFORMATION_FORMAT = dwarf;
				ENABLE_STRICT_OBJC_MSGSEND = YES;
				ENABLE_TESTABILITY = YES;
				GCC_C_LANGUAGE_STANDARD = gnu99;
				GCC_DYNAMIC_NO_PIC = NO;
				GCC_NO_COMMON_BLOCKS = YES;
				GCC_OPTIMIZATION_LEVEL = 0;
				GCC_PREPROCESSOR_DEFINITIONS = (
					"DEBUG=1",
					"$(inherited)",
				);
				GCC_WARN_64_TO_32_BIT_CONVERSION = YES;
				GCC_WARN_ABOUT_RETURN_TYPE = YES_ERROR;
				GCC_WARN_UNDECLARED_SELECTOR = YES;
				GCC_WARN_UNINITIALIZED_AUTOS = YES_AGGRESSIVE;
				GCC_WARN_UNUSED_FUNCTION = YES;
				GCC_WARN_UNUSED_VARIABLE = YES;
				IPHONEOS_DEPLOYMENT_TARGET = 9.1;
				MTL_ENABLE_DEBUG_INFO = YES;
				ONLY_ACTIVE_ARCH = YES;
				SDKROOT = iphoneos;
				TARGETED_DEVICE_FAMILY = "1,2";
			};
			name = Debug;
		};
		4ADE110B1BF1D7EE00A9C7E2 /* Release */ = {
			isa = XCBuildConfiguration;
			buildSettings = {
				ALWAYS_SEARCH_USER_PATHS = NO;
				CLANG_CXX_LANGUAGE_STANDARD = "gnu++0x";
				CLANG_CXX_LIBRARY = "libc++";
				CLANG_ENABLE_MODULES = YES;
				CLANG_ENABLE_OBJC_ARC = YES;
				CLANG_WARN_BOOL_CONVERSION = YES;
				CLANG_WARN_CONSTANT_CONVERSION = YES;
				CLANG_WARN_DIRECT_OBJC_ISA_USAGE = YES_ERROR;
				CLANG_WARN_EMPTY_BODY = YES;
				CLANG_WARN_ENUM_CONVERSION = YES;
				CLANG_WARN_INT_CONVERSION = YES;
				CLANG_WARN_OBJC_ROOT_CLASS = YES_ERROR;
				CLANG_WARN_UNREACHABLE_CODE = YES;
				CLANG_WARN__DUPLICATE_METHOD_MATCH = YES;
				"CODE_SIGN_IDENTITY[sdk=iphoneos*]" = "iPhone Developer";
				COPY_PHASE_STRIP = NO;
				DEBUG_INFORMATION_FORMAT = "dwarf-with-dsym";
				ENABLE_NS_ASSERTIONS = NO;
				ENABLE_STRICT_OBJC_MSGSEND = YES;
				GCC_C_LANGUAGE_STANDARD = gnu99;
				GCC_NO_COMMON_BLOCKS = YES;
				GCC_WARN_64_TO_32_BIT_CONVERSION = YES;
				GCC_WARN_ABOUT_RETURN_TYPE = YES_ERROR;
				GCC_WARN_UNDECLARED_SELECTOR = YES;
				GCC_WARN_UNINITIALIZED_AUTOS = YES_AGGRESSIVE;
				GCC_WARN_UNUSED_FUNCTION = YES;
				GCC_WARN_UNUSED_VARIABLE = YES;
				IPHONEOS_DEPLOYMENT_TARGET = 9.1;
				MTL_ENABLE_DEBUG_INFO = NO;
				SDKROOT = iphoneos;
				TARGETED_DEVICE_FAMILY = "1,2";
				VALIDATE_PRODUCT = YES;
			};
			name = Release;
		};
		4ADE110D1BF1D7EE00A9C7E2 /* Debug */ = {
			isa = XCBuildConfiguration;
			buildSettings = {
				ASSETCATALOG_COMPILER_APPICON_NAME = AppIcon;
				DEVELOPMENT_TEAM = 93ULNFH5X5;
				INFOPLIST_FILE = "分类菜单选择器/Info.plist";
				IPHONEOS_DEPLOYMENT_TARGET = 7.0;
				LD_RUNPATH_SEARCH_PATHS = "$(inherited) @executable_path/Frameworks";
				PRODUCT_BUNDLE_IDENTIFIER = "xuqiang.-------";
				PRODUCT_NAME = "$(TARGET_NAME)";
			};
			name = Debug;
		};
		4ADE110E1BF1D7EE00A9C7E2 /* Release */ = {
			isa = XCBuildConfiguration;
			buildSettings = {
				ASSETCATALOG_COMPILER_APPICON_NAME = AppIcon;
				DEVELOPMENT_TEAM = 93ULNFH5X5;
				INFOPLIST_FILE = "分类菜单选择器/Info.plist";
				IPHONEOS_DEPLOYMENT_TARGET = 7.0;
				LD_RUNPATH_SEARCH_PATHS = "$(inherited) @executable_path/Frameworks";
				PRODUCT_BUNDLE_IDENTIFIER = "xuqiang.-------";
				PRODUCT_NAME = "$(TARGET_NAME)";
			};
			name = Release;
		};
		4ADE11101BF1D7EE00A9C7E2 /* Debug */ = {
			isa = XCBuildConfiguration;
			buildSettings = {
				BUNDLE_LOADER = "$(TEST_HOST)";
				INFOPLIST_FILE = "分类菜单选择器Tests/Info.plist";
				LD_RUNPATH_SEARCH_PATHS = "$(inherited) @executable_path/Frameworks @loader_path/Frameworks";
				PRODUCT_BUNDLE_IDENTIFIER = "xuqiang.-------Tests";
				PRODUCT_NAME = "$(TARGET_NAME)";
				TEST_HOST = "$(BUILT_PRODUCTS_DIR)/分类菜单选择器.app/分类菜单选择器";
			};
			name = Debug;
		};
		4ADE11111BF1D7EE00A9C7E2 /* Release */ = {
			isa = XCBuildConfiguration;
			buildSettings = {
				BUNDLE_LOADER = "$(TEST_HOST)";
				INFOPLIST_FILE = "分类菜单选择器Tests/Info.plist";
				LD_RUNPATH_SEARCH_PATHS = "$(inherited) @executable_path/Frameworks @loader_path/Frameworks";
				PRODUCT_BUNDLE_IDENTIFIER = "xuqiang.-------Tests";
				PRODUCT_NAME = "$(TARGET_NAME)";
				TEST_HOST = "$(BUILT_PRODUCTS_DIR)/分类菜单选择器.app/分类菜单选择器";
			};
			name = Release;
		};
		4ADE11131BF1D7EE00A9C7E2 /* Debug */ = {
			isa = XCBuildConfiguration;
			buildSettings = {
				INFOPLIST_FILE = "分类菜单选择器UITests/Info.plist";
				LD_RUNPATH_SEARCH_PATHS = "$(inherited) @executable_path/Frameworks @loader_path/Frameworks";
				PRODUCT_BUNDLE_IDENTIFIER = "xuqiang.-------UITests";
				PRODUCT_NAME = "$(TARGET_NAME)";
				TEST_TARGET_NAME = "分类菜单选择器";
				USES_XCTRUNNER = YES;
			};
			name = Debug;
		};
		4ADE11141BF1D7EE00A9C7E2 /* Release */ = {
			isa = XCBuildConfiguration;
			buildSettings = {
				INFOPLIST_FILE = "分类菜单选择器UITests/Info.plist";
				LD_RUNPATH_SEARCH_PATHS = "$(inherited) @executable_path/Frameworks @loader_path/Frameworks";
				PRODUCT_BUNDLE_IDENTIFIER = "xuqiang.-------UITests";
				PRODUCT_NAME = "$(TARGET_NAME)";
				TEST_TARGET_NAME = "分类菜单选择器";
				USES_XCTRUNNER = YES;
			};
			name = Release;
		};
/* End XCBuildConfiguration section */

/* Begin XCConfigurationList section */
		4ADE10DA1BF1D7ED00A9C7E2 /* Build configuration list for PBXProject "分类菜单选择器" */ = {
			isa = XCConfigurationList;
			buildConfigurations = (
				4ADE110A1BF1D7EE00A9C7E2 /* Debug */,
				4ADE110B1BF1D7EE00A9C7E2 /* Release */,
			);
			defaultConfigurationIsVisible = 0;
			defaultConfigurationName = Release;
		};
		4ADE110C1BF1D7EE00A9C7E2 /* Build configuration list for PBXNativeTarget "分类菜单选择器" */ = {
			isa = XCConfigurationList;
			buildConfigurations = (
				4ADE110D1BF1D7EE00A9C7E2 /* Debug */,
				4ADE110E1BF1D7EE00A9C7E2 /* Release */,
			);
			defaultConfigurationIsVisible = 0;
			defaultConfigurationName = Release;
		};
		4ADE110F1BF1D7EE00A9C7E2 /* Build configuration list for PBXNativeTarget "分类菜单选择器Tests" */ = {
			isa = XCConfigurationList;
			buildConfigurations = (
				4ADE11101BF1D7EE00A9C7E2 /* Debug */,
				4ADE11111BF1D7EE00A9C7E2 /* Release */,
			);
			defaultConfigurationIsVisible = 0;
			defaultConfigurationName = Release;
		};
		4ADE11121BF1D7EE00A9C7E2 /* Build configuration list for PBXNativeTarget "分类菜单选择器UITests" */ = {
			isa = XCConfigurationList;
			buildConfigurations = (
				4ADE11131BF1D7EE00A9C7E2 /* Debug */,
				4ADE11141BF1D7EE00A9C7E2 /* Release */,
			);
			defaultConfigurationIsVisible = 0;
			defaultConfigurationName = Release;
		};
/* End XCConfigurationList section */
	};
	rootObject = 4ADE10D71BF1D7ED00A9C7E2 /* Project object */;
}
